
Microsoft Visual Studio Solution File, Format Version 12.00
# Visual Studio Version 17
VisualStudioVersion = 17.10.34928.147
MinimumVisualStudioVersion = 10.0.40219.1
Project("{FAE04EC0-301F-11D3-BF4B-00C04F79EFBC}") = "globalSolution2", "globalSolution2\globalSolution2.csproj", "{847F0B41-82FF-4058-9BFA-C68A5ACE33E8}"
EndProject
Project("{FAE04EC0-301F-11D3-BF4B-00C04F79EFBC}") = "globalSolution2.Tests", "globalSolution2.Tests\globalSolution2.Tests.csproj", "{56DEAE68-2BAC-4028-9066-1DD967CF1588}"
EndProject
Global
	GlobalSection(SolutionConfigurationPlatforms) = preSolution
		Debug|Any CPU = Debug|Any CPU
		Release|Any CPU = Release|Any CPU
	EndGlobalSection
	GlobalSection(ProjectConfigurationPlatforms) = postSolution
		{847F0B41-82FF-4058-9BFA-C68A5ACE33E8}.Debug|Any CPU.ActiveCfg = Debug|Any CPU
		{847F0B41-82FF-4058-9BFA-C68A5ACE33E8}.Debug|Any CPU.Build.0 = Debug|Any CPU
		{847F0B41-82FF-4058-9BFA-C68A5ACE33E8}.Release|Any CPU.ActiveCfg = Release|Any CPU
		{847F0B41-82FF-4058-9BFA-C68A5ACE33E8}.Release|Any CPU.Build.0 = Release|Any CPU
		{56DEAE68-2BAC-4028-9066-1DD967CF1588}.Debug|Any CPU.ActiveCfg = Debug|Any CPU
		{56DEAE68-2BAC-4028-9066-1DD967CF1588}.Debug|Any CPU.Build.0 = Debug|Any CPU
		{56DEAE68-2BAC-4028-9066-1DD967CF1588}.Release|Any CPU.ActiveCfg = Release|Any CPU
		{56DEAE68-2BAC-4028-9066-1DD967CF1588}.Release|Any CPU.Build.0 = Release|Any CPU
	EndGlobalSection
	GlobalSection(SolutionProperties) = preSolution
		HideSolutionNode = FALSE
	EndGlobalSection
	GlobalSection(ExtensibilityGlobals) = postSolution
		SolutionGuid = {AE50A5B0-568C-41FD-B0B4-20B041BC6118}
	EndGlobalSection
EndGlobal
